
Microsoft Visual Studio Solution File, Format Version 12.00
# Visual Studio Version 17
VisualStudioVersion = 17.11.35303.130
MinimumVisualStudioVersion = 10.0.40219.1
Project("{FAE04EC0-301F-11D3-BF4B-00C04F79EFBC}") = "Tugas 2 Pbo Praktikum", "Tugas 2 Pbo Praktikum\Tugas 2 Pbo Praktikum.csproj", "{AE8E521D-FC6F-4E9A-B5CC-C46BE4E08FA0}"
EndProject
Global
	GlobalSection(SolutionConfigurationPlatforms) = preSolution
		Debug|Any CPU = Debug|Any CPU
		Release|Any CPU = Release|Any CPU
	EndGlobalSection
	GlobalSection(ProjectConfigurationPlatforms) = postSolution
		{AE8E521D-FC6F-4E9A-B5CC-C46BE4E08FA0}.Debug|Any CPU.ActiveCfg = Debug|Any CPU
		{AE8E521D-FC6F-4E9A-B5CC-C46BE4E08FA0}.Debug|Any CPU.Build.0 = Debug|Any CPU
		{AE8E521D-FC6F-4E9A-B5CC-C46BE4E08FA0}.Release|Any CPU.ActiveCfg = Release|Any CPU
		{AE8E521D-FC6F-4E9A-B5CC-C46BE4E08FA0}.Release|Any CPU.Build.0 = Release|Any CPU
	EndGlobalSection
	GlobalSection(SolutionProperties) = preSolution
		HideSolutionNode = FALSE
	EndGlobalSection
	GlobalSection(ExtensibilityGlobals) = postSolution
		SolutionGuid = {8001229B-51A3-4E01-846A-55B40B3D090D}
	EndGlobalSection
EndGlobal
